# This file is generated by running "yarn install" inside your project.
# Manual changes might be lost - proceed with caution!

__metadata:
  version: 5
  cacheKey: 8

"isensei-monorepo@workspace:.":
  version: 0.0.0-use.local
  resolution: "isensei-monorepo@workspace:."
  dependencies:
    turbo: ^1.0.19
  languageName: unknown
  linkType: soft

"rescript-config@workspace:packages/rescript-config":
  version: 0.0.0-use.local
  resolution: "rescript-config@workspace:packages/rescript-config"
  dependencies:
    rescript: ^9.1.4
  languageName: unknown
  linkType: soft

"rescript@npm:^9.1.4":
  version: 9.1.4
  resolution: "rescript@npm:9.1.4"
  bin:
    bsc: bsc
    bsrefmt: bsrefmt
    bstracing: lib/bstracing
    rescript: rescript
  checksum: 3c503580f968b4d4409830093c57f85b5590f7372250345427b3a7c1f5ccb08009e1edd89b4a3dcbb3ee95ee4dcad9c337ece4d1f8fdaa10e22ed04b8a7495c0
  languageName: node
  linkType: hard

"turbo@npm:^1.0.19":
  version: 1.0.19
  resolution: "turbo@npm:1.0.19"
  bin:
    turbo: bin/turbo
  checksum: daa069f9ec3dd43deeb38801b56cb0e933b579ae5c0974cccf0449a13155b941ea61c1bc9f56d67ba2424ff4383167b651f8dcb0ff1398464717a2fff1177c86
  languageName: node
  linkType: hard
